<?xml version="1.0" encoding="utf-8"?>
<Project ToolsVersion="4.0" xmlns="http://schemas.microsoft.com/developer/msbuild/2003">
  <ItemGroup>
    <Filter Include="Source Files">
      <UniqueIdentifier>{4FC737F1-C7A5-4376-A066-2A32D752A2FF}</UniqueIdentifier>
      <Extensions>cpp;c;cc;cxx;def;odl;idl;hpj;bat;asm;asmx</Extensions>
    </Filter>
    <Filter Include="Source Files\COM Implementation">
      <UniqueIdentifier>{1a013523-1724-4cd4-ae32-6b564a41a3c6}</UniqueIdentifier>
    </Filter>
    <Filter Include="Source Files\COM Interfaces">
      <UniqueIdentifier>{8637d3b5-905b-441c-aab8-6c8dfd28c3e5}</UniqueIdentifier>
    </Filter>
    <Filter Include="Source Files\COM Interfaces\Being Hosted">
      <UniqueIdentifier>{b332d107-d055-4b97-8f06-5cafe677c3c6}</UniqueIdentifier>
    </Filter>
    <Filter Include="Source Files\COM Events">
      <UniqueIdentifier>{50ec6253-d34d-4c60-ab24-a5c8ff1ad4f4}</UniqueIdentifier>
    </Filter>
    <Filter Include="Source Files\stacks">
      <UniqueIdentifier>{cce96c05-3587-4609-9a8f-1849a5c5cebe}</UniqueIdentifier>
    </Filter>
    <Filter Include="Source Files\PostScript objects">
      <UniqueIdentifier>{c27cfe2c-c496-4fed-827d-ee3f7ed2d3db}</UniqueIdentifier>
    </Filter>
    <Filter Include="Source Files\fonts">
      <UniqueIdentifier>{f6350541-f26c-4e24-8561-cee9a9062ae8}</UniqueIdentifier>
    </Filter>
    <Filter Include="Header Files">
      <UniqueIdentifier>{93995380-89BD-4b04-88EB-625FBE52EBFB}</UniqueIdentifier>
      <Extensions>h;hpp;hxx;hm;inl;inc;xsd</Extensions>
    </Filter>
    <Filter Include="Header Files\stacks">
      <UniqueIdentifier>{359318e9-d6f8-488d-977f-7c68a033ba27}</UniqueIdentifier>
    </Filter>
    <Filter Include="Header Files\PostScript objects">
      <UniqueIdentifier>{ebb7cdf3-6aa1-4430-9254-7ae63fc2aa0e}</UniqueIdentifier>
    </Filter>
    <Filter Include="Header Files\fonts">
      <UniqueIdentifier>{db734db7-852a-4c26-b698-9b5049ebc8c9}</UniqueIdentifier>
    </Filter>
    <Filter Include="Resource Files">
      <UniqueIdentifier>{67DA6AB6-F800-4c08-8B7A-83BB121AAD01}</UniqueIdentifier>
      <Extensions>rc;ico;cur;bmp;dlg;rc2;rct;bin;rgs;gif;jpg;jpeg;jpe;resx;tiff;tif;png;wav</Extensions>
    </Filter>
  </ItemGroup>
  <ItemGroup>
    <ClCompile Include="graphicsState.cpp">
      <Filter>Source Files</Filter>
    </ClCompile>
    <ClCompile Include="graphicsState_Fonts.cpp">
      <Filter>Source Files</Filter>
    </ClCompile>
    <ClCompile Include="handler.cpp">
      <Filter>Source Files</Filter>
    </ClCompile>
    <ClCompile Include="job.cpp">
      <Filter>Source Files</Filter>
    </ClCompile>
    <ClCompile Include="operators.cpp">
      <Filter>Source Files</Filter>
    </ClCompile>
    <ClCompile Include="parse.cpp">
      <Filter>Source Files</Filter>
    </ClCompile>
    <ClCompile Include="parseJob.cpp">
      <Filter>Source Files</Filter>
    </ClCompile>
    <ClCompile Include="pdfOperators.cpp">
      <Filter>Source Files</Filter>
    </ClCompile>
    <ClCompile Include="PostScript.cpp">
      <Filter>Source Files</Filter>
    </ClCompile>
    <ClCompile Include="PostScript_DisplayStack.cpp">
      <Filter>Source Files</Filter>
    </ClCompile>
    <ClCompile Include="PostScript_Log.cpp">
      <Filter>Source Files</Filter>
    </ClCompile>
    <ClCompile Include="resource.cpp">
      <Filter>Source Files</Filter>
    </ClCompile>
    <ClCompile Include="richEditHandler.cpp">
      <Filter>Source Files</Filter>
    </ClCompile>
    <ClCompile Include="save.cpp">
      <Filter>Source Files</Filter>
    </ClCompile>
    <ClCompile Include="dllMain.cpp">
      <Filter>Source Files\COM Implementation</Filter>
    </ClCompile>
    <ClCompile Include="IPostScript.cpp">
      <Filter>Source Files\COM Interfaces</Filter>
    </ClCompile>
    <ClCompile Include="IUnknown.cpp">
      <Filter>Source Files\COM Interfaces</Filter>
    </ClCompile>
    <ClCompile Include="IOleInPlaceObject.cpp">
      <Filter>Source Files\COM Interfaces\Being Hosted</Filter>
    </ClCompile>
    <ClCompile Include="IOleObject.cpp">
      <Filter>Source Files\COM Interfaces\Being Hosted</Filter>
    </ClCompile>
    <ClCompile Include="IConnectionPoint.cpp">
      <Filter>Source Files\COM Events</Filter>
    </ClCompile>
    <ClCompile Include="IConnectionPointContainer.cpp">
      <Filter>Source Files\COM Events</Filter>
    </ClCompile>
    <ClCompile Include="IEnumConnectionPoints.cpp">
      <Filter>Source Files\COM Events</Filter>
    </ClCompile>
    <ClCompile Include="IEnumerateConnections.cpp">
      <Filter>Source Files\COM Events</Filter>
    </ClCompile>
    <ClCompile Include="dictionaryStack.cpp">
      <Filter>Source Files\stacks</Filter>
    </ClCompile>
    <ClCompile Include="graphicsStateStack.cpp">
      <Filter>Source Files\stacks</Filter>
    </ClCompile>
    <ClCompile Include="objectStack.cpp">
      <Filter>Source Files\stacks</Filter>
    </ClCompile>
    <ClCompile Include="array.cpp">
      <Filter>Source Files\PostScript objects</Filter>
    </ClCompile>
    <ClCompile Include="booleanObject.cpp">
      <Filter>Source Files\PostScript objects</Filter>
    </ClCompile>
    <ClCompile Include="colorSpace.cpp">
      <Filter>Source Files\PostScript objects</Filter>
    </ClCompile>
    <ClCompile Include="dictionary.cpp">
      <Filter>Source Files\PostScript objects</Filter>
    </ClCompile>
    <ClCompile Include="literal.cpp">
      <Filter>Source Files\PostScript objects</Filter>
    </ClCompile>
    <ClCompile Include="mark.cpp">
      <Filter>Source Files\PostScript objects</Filter>
    </ClCompile>
    <ClCompile Include="matrix.cpp">
      <Filter>Source Files\PostScript objects</Filter>
    </ClCompile>
    <ClCompile Include="name.cpp">
      <Filter>Source Files\PostScript objects</Filter>
    </ClCompile>
    <ClCompile Include="object.cpp">
      <Filter>Source Files\PostScript objects</Filter>
    </ClCompile>
    <ClCompile Include="pattern.cpp">
      <Filter>Source Files\PostScript objects</Filter>
    </ClCompile>
    <ClCompile Include="procedure.cpp">
      <Filter>Source Files\PostScript objects</Filter>
    </ClCompile>
    <ClCompile Include="string.cpp">
      <Filter>Source Files\PostScript objects</Filter>
    </ClCompile>
    <ClCompile Include="structureSpec.cpp">
      <Filter>Source Files\PostScript objects</Filter>
    </ClCompile>
    <ClCompile Include="font.cpp">
      <Filter>Source Files\fonts</Filter>
    </ClCompile>
    <ClCompile Include="font_FontFile.cpp">
      <Filter>Source Files\fonts</Filter>
    </ClCompile>
    <ClCompile Include="..\Common\source\utilities.cpp">
      <Filter>Source Files</Filter>
    </ClCompile>
  </ItemGroup>
  <ItemGroup>
    <Midl Include="PostScript.odl">
      <Filter>Source Files\COM Implementation</Filter>
    </Midl>
  </ItemGroup>
  <ItemGroup>
    <ClInclude Include="error.h">
      <Filter>Header Files</Filter>
    </ClInclude>
    <ClInclude Include="graphicsState.h">
      <Filter>Header Files</Filter>
    </ClInclude>
    <ClInclude Include="job.h">
      <Filter>Header Files</Filter>
    </ClInclude>
    <ClInclude Include="PostScript.h">
      <Filter>Header Files</Filter>
    </ClInclude>
    <ClInclude Include="PostScript_Log.h">
      <Filter>Header Files</Filter>
    </ClInclude>
    <ClInclude Include="resource.h">
      <Filter>Header Files</Filter>
    </ClInclude>
    <ClInclude Include="resourceIdentifiers.h">
      <Filter>Header Files</Filter>
    </ClInclude>
    <ClInclude Include="dictionaryStack.h">
      <Filter>Header Files\stacks</Filter>
    </ClInclude>
    <ClInclude Include="graphicsStateStack.h">
      <Filter>Header Files\stacks</Filter>
    </ClInclude>
    <ClInclude Include="objectStack.h">
      <Filter>Header Files\stacks</Filter>
    </ClInclude>
    <ClInclude Include="array.h">
      <Filter>Header Files\PostScript objects</Filter>
    </ClInclude>
    <ClInclude Include="booleanObject.h">
      <Filter>Header Files\PostScript objects</Filter>
    </ClInclude>
    <ClInclude Include="colorSpace.h">
      <Filter>Header Files\PostScript objects</Filter>
    </ClInclude>
    <ClInclude Include="comment.h">
      <Filter>Header Files\PostScript objects</Filter>
    </ClInclude>
    <ClInclude Include="dictionary.h">
      <Filter>Header Files\PostScript objects</Filter>
    </ClInclude>
    <ClInclude Include="directExec.h">
      <Filter>Header Files\PostScript objects</Filter>
    </ClInclude>
    <ClInclude Include="literal.h">
      <Filter>Header Files\PostScript objects</Filter>
    </ClInclude>
    <ClInclude Include="mark.h">
      <Filter>Header Files\PostScript objects</Filter>
    </ClInclude>
    <ClInclude Include="matrix.h">
      <Filter>Header Files\PostScript objects</Filter>
    </ClInclude>
    <ClInclude Include="name.h">
      <Filter>Header Files\PostScript objects</Filter>
    </ClInclude>
    <ClInclude Include="object.h">
      <Filter>Header Files\PostScript objects</Filter>
    </ClInclude>
    <ClInclude Include="pattern.h">
      <Filter>Header Files\PostScript objects</Filter>
    </ClInclude>
    <ClInclude Include="procedure.h">
      <Filter>Header Files\PostScript objects</Filter>
    </ClInclude>
    <ClInclude Include="save.h">
      <Filter>Header Files\PostScript objects</Filter>
    </ClInclude>
    <ClInclude Include="string.h">
      <Filter>Header Files\PostScript objects</Filter>
    </ClInclude>
    <ClInclude Include="structureSpec.h">
      <Filter>Header Files\PostScript objects</Filter>
    </ClInclude>
    <ClInclude Include="font.h">
      <Filter>Header Files\fonts</Filter>
    </ClInclude>
  </ItemGroup>
  <ItemGroup>
    <Text Include="resources\glyphList.txt">
      <Filter>Resource Files</Filter>
    </Text>
    <Text Include="fms.txt" />
  </ItemGroup>
  <ItemGroup>
    <ResourceCompile Include="PostScript.rc">
      <Filter>Resource Files</Filter>
    </ResourceCompile>
  </ItemGroup>
</Project>