
Microsoft Visual Studio Solution File, Format Version 12.00
# Visual Studio Version 17
VisualStudioVersion = 17.3.32901.215
MinimumVisualStudioVersion = 10.0.40219.1
Project("{8BC9CEB8-8B4A-11D0-8D11-00A0C91BC942}") = "EnVisioNateSW_FontManager", "EnVisioNateSW_FontManager\EnVisioNateSW_FontManager.vcxproj", "{216C47AD-6C9A-47F2-ADC5-877A3C5BD85D}"
	ProjectSection(ProjectDependencies) = postProject
		{B3529245-5B1F-4927-B6DD-95DE5F17D08D} = {B3529245-5B1F-4927-B6DD-95DE5F17D08D}
	EndProjectSection
EndProject
Project("{8BC9CEB8-8B4A-11D0-8D11-00A0C91BC942}") = "EnVisioNateSW_Renderer", "EnVisioNateSW_Renderer\EnVisioNateSW_Renderer.vcxproj", "{B3529245-5B1F-4927-B6DD-95DE5F17D08D}"
EndProject
Project("{8BC9CEB8-8B4A-11D0-8D11-00A0C91BC942}") = "HostPostscript", "HostPostscript\HostPostscript.vcxproj", "{5F63389A-7FEB-48CD-8463-1B11145C826B}"
	ProjectSection(ProjectDependencies) = postProject
		{3F55E01B-7491-42CA-9936-5969C84FB14E} = {3F55E01B-7491-42CA-9936-5969C84FB14E}
	EndProjectSection
EndProject
Project("{8BC9CEB8-8B4A-11D0-8D11-00A0C91BC942}") = "PostScriptInterpreter", "PostScriptInterpreter\PostScriptInterpreter.vcxproj", "{3F55E01B-7491-42CA-9936-5969C84FB14E}"
	ProjectSection(ProjectDependencies) = postProject
		{216C47AD-6C9A-47F2-ADC5-877A3C5BD85D} = {216C47AD-6C9A-47F2-ADC5-877A3C5BD85D}
		{B3529245-5B1F-4927-B6DD-95DE5F17D08D} = {B3529245-5B1F-4927-B6DD-95DE5F17D08D}
	EndProjectSection
EndProject
Project("{8BC9CEB8-8B4A-11D0-8D11-00A0C91BC942}") = "psDemo", "psDemo\psDemo.vcxproj", "{52372572-C133-407E-9406-8AE14D4AA978}"
	ProjectSection(ProjectDependencies) = postProject
		{3F55E01B-7491-42CA-9936-5969C84FB14E} = {3F55E01B-7491-42CA-9936-5969C84FB14E}
	EndProjectSection
EndProject
Project("{8BC9CEB8-8B4A-11D0-8D11-00A0C91BC942}") = "fontManagerDemo", "EnVisioNateSW_FontManager\fontManagerDemo\fontManagerDemo.vcxproj", "{4FC9CAF7-D4F8-4BB9-AF86-EBCE1FDADF39}"
	ProjectSection(ProjectDependencies) = postProject
		{216C47AD-6C9A-47F2-ADC5-877A3C5BD85D} = {216C47AD-6C9A-47F2-ADC5-877A3C5BD85D}
		{B3529245-5B1F-4927-B6DD-95DE5F17D08D} = {B3529245-5B1F-4927-B6DD-95DE5F17D08D}
	EndProjectSection
EndProject
Project("{8BC9CEB8-8B4A-11D0-8D11-00A0C91BC942}") = "rendererDemo", "EnVisioNateSW_Renderer\rendererDemo\rendererDemo.vcxproj", "{0F52ECE1-D8F4-4665-B9F2-9E6ECEC695E8}"
	ProjectSection(ProjectDependencies) = postProject
		{216C47AD-6C9A-47F2-ADC5-877A3C5BD85D} = {216C47AD-6C9A-47F2-ADC5-877A3C5BD85D}
		{B3529245-5B1F-4927-B6DD-95DE5F17D08D} = {B3529245-5B1F-4927-B6DD-95DE5F17D08D}
	EndProjectSection
EndProject
Global
	GlobalSection(SolutionConfigurationPlatforms) = preSolution
		Debug|Win32 = Debug|Win32
		Debug|x64 = Debug|x64
		Release|Win32 = Release|Win32
		Release|x64 = Release|x64
	EndGlobalSection
	GlobalSection(ProjectConfigurationPlatforms) = postSolution
		{216C47AD-6C9A-47F2-ADC5-877A3C5BD85D}.Debug|Win32.ActiveCfg = Debug|Win32
		{216C47AD-6C9A-47F2-ADC5-877A3C5BD85D}.Debug|Win32.Build.0 = Debug|Win32
		{216C47AD-6C9A-47F2-ADC5-877A3C5BD85D}.Debug|x64.ActiveCfg = Debug|x64
		{216C47AD-6C9A-47F2-ADC5-877A3C5BD85D}.Debug|x64.Build.0 = Debug|x64
		{216C47AD-6C9A-47F2-ADC5-877A3C5BD85D}.Release|Win32.ActiveCfg = Release|Win32
		{216C47AD-6C9A-47F2-ADC5-877A3C5BD85D}.Release|Win32.Build.0 = Release|Win32
		{216C47AD-6C9A-47F2-ADC5-877A3C5BD85D}.Release|x64.ActiveCfg = Release|x64
		{216C47AD-6C9A-47F2-ADC5-877A3C5BD85D}.Release|x64.Build.0 = Release|x64
		{B3529245-5B1F-4927-B6DD-95DE5F17D08D}.Debug|Win32.ActiveCfg = Debug|Win32
		{B3529245-5B1F-4927-B6DD-95DE5F17D08D}.Debug|Win32.Build.0 = Debug|Win32
		{B3529245-5B1F-4927-B6DD-95DE5F17D08D}.Debug|x64.ActiveCfg = Debug|x64
		{B3529245-5B1F-4927-B6DD-95DE5F17D08D}.Debug|x64.Build.0 = Debug|x64
		{B3529245-5B1F-4927-B6DD-95DE5F17D08D}.Release|Win32.ActiveCfg = Release|Win32
		{B3529245-5B1F-4927-B6DD-95DE5F17D08D}.Release|Win32.Build.0 = Release|Win32
		{B3529245-5B1F-4927-B6DD-95DE5F17D08D}.Release|x64.ActiveCfg = Release|x64
		{B3529245-5B1F-4927-B6DD-95DE5F17D08D}.Release|x64.Build.0 = Release|x64
		{5F63389A-7FEB-48CD-8463-1B11145C826B}.Debug|Win32.ActiveCfg = Debug|Win32
		{5F63389A-7FEB-48CD-8463-1B11145C826B}.Debug|Win32.Build.0 = Debug|Win32
		{5F63389A-7FEB-48CD-8463-1B11145C826B}.Debug|x64.ActiveCfg = Debug|x64
		{5F63389A-7FEB-48CD-8463-1B11145C826B}.Debug|x64.Build.0 = Debug|x64
		{5F63389A-7FEB-48CD-8463-1B11145C826B}.Release|Win32.ActiveCfg = Release|Win32
		{5F63389A-7FEB-48CD-8463-1B11145C826B}.Release|Win32.Build.0 = Release|Win32
		{5F63389A-7FEB-48CD-8463-1B11145C826B}.Release|x64.ActiveCfg = Release|x64
		{5F63389A-7FEB-48CD-8463-1B11145C826B}.Release|x64.Build.0 = Release|x64
		{3F55E01B-7491-42CA-9936-5969C84FB14E}.Debug|Win32.ActiveCfg = Debug|Win32
		{3F55E01B-7491-42CA-9936-5969C84FB14E}.Debug|Win32.Build.0 = Debug|Win32
		{3F55E01B-7491-42CA-9936-5969C84FB14E}.Debug|x64.ActiveCfg = Debug|x64
		{3F55E01B-7491-42CA-9936-5969C84FB14E}.Debug|x64.Build.0 = Debug|x64
		{3F55E01B-7491-42CA-9936-5969C84FB14E}.Release|Win32.ActiveCfg = Release|Win32
		{3F55E01B-7491-42CA-9936-5969C84FB14E}.Release|Win32.Build.0 = Release|Win32
		{3F55E01B-7491-42CA-9936-5969C84FB14E}.Release|x64.ActiveCfg = Release|x64
		{3F55E01B-7491-42CA-9936-5969C84FB14E}.Release|x64.Build.0 = Release|x64
		{52372572-C133-407E-9406-8AE14D4AA978}.Debug|Win32.ActiveCfg = Debug|Win32
		{52372572-C133-407E-9406-8AE14D4AA978}.Debug|Win32.Build.0 = Debug|Win32
		{52372572-C133-407E-9406-8AE14D4AA978}.Debug|x64.ActiveCfg = Debug|x64
		{52372572-C133-407E-9406-8AE14D4AA978}.Debug|x64.Build.0 = Debug|x64
		{52372572-C133-407E-9406-8AE14D4AA978}.Release|Win32.ActiveCfg = Release|Win32
		{52372572-C133-407E-9406-8AE14D4AA978}.Release|Win32.Build.0 = Release|Win32
		{52372572-C133-407E-9406-8AE14D4AA978}.Release|x64.ActiveCfg = Release|x64
		{52372572-C133-407E-9406-8AE14D4AA978}.Release|x64.Build.0 = Release|x64
		{4FC9CAF7-D4F8-4BB9-AF86-EBCE1FDADF39}.Debug|Win32.ActiveCfg = Debug|Win32
		{4FC9CAF7-D4F8-4BB9-AF86-EBCE1FDADF39}.Debug|Win32.Build.0 = Debug|Win32
		{4FC9CAF7-D4F8-4BB9-AF86-EBCE1FDADF39}.Debug|x64.ActiveCfg = Debug|x64
		{4FC9CAF7-D4F8-4BB9-AF86-EBCE1FDADF39}.Debug|x64.Build.0 = Debug|x64
		{4FC9CAF7-D4F8-4BB9-AF86-EBCE1FDADF39}.Release|Win32.ActiveCfg = Release|Win32
		{4FC9CAF7-D4F8-4BB9-AF86-EBCE1FDADF39}.Release|Win32.Build.0 = Release|Win32
		{4FC9CAF7-D4F8-4BB9-AF86-EBCE1FDADF39}.Release|x64.ActiveCfg = Release|x64
		{4FC9CAF7-D4F8-4BB9-AF86-EBCE1FDADF39}.Release|x64.Build.0 = Release|x64
		{0F52ECE1-D8F4-4665-B9F2-9E6ECEC695E8}.Debug|Win32.ActiveCfg = Debug|Win32
		{0F52ECE1-D8F4-4665-B9F2-9E6ECEC695E8}.Debug|Win32.Build.0 = Debug|Win32
		{0F52ECE1-D8F4-4665-B9F2-9E6ECEC695E8}.Debug|x64.ActiveCfg = Debug|x64
		{0F52ECE1-D8F4-4665-B9F2-9E6ECEC695E8}.Debug|x64.Build.0 = Debug|x64
		{0F52ECE1-D8F4-4665-B9F2-9E6ECEC695E8}.Release|Win32.ActiveCfg = Release|Win32
		{0F52ECE1-D8F4-4665-B9F2-9E6ECEC695E8}.Release|Win32.Build.0 = Release|Win32
		{0F52ECE1-D8F4-4665-B9F2-9E6ECEC695E8}.Release|x64.ActiveCfg = Release|x64
		{0F52ECE1-D8F4-4665-B9F2-9E6ECEC695E8}.Release|x64.Build.0 = Release|x64
	EndGlobalSection
	GlobalSection(SolutionProperties) = preSolution
		HideSolutionNode = FALSE
	EndGlobalSection
	GlobalSection(ExtensibilityGlobals) = postSolution
		SolutionGuid = {48CF6A71-7959-4468-A0F4-BF03120C55A7}
	EndGlobalSection
EndGlobal
